// !$*UTF8*$!
{
	archiveVersion = 1;
	classes = {
	};
	objectVersion = 56;
	objects = {

/* Begin PBXBuildFile section */
		69192CC82B274BD5004CBBC7 /* LoginDemoApp.swift in Sources */ = {isa = PBXBuildFile; fileRef = 69192CC72B274BD5004CBBC7 /* LoginDemoApp.swift */; };
		69192CCA2B274BD5004CBBC7 /* ContentView.swift in Sources */ = {isa = PBXBuildFile; fileRef = 69192CC92B274BD5004CBBC7 /* ContentView.swift */; };
		69192CCC2B274BD7004CBBC7 /* Assets.xcassets in Resources */ = {isa = PBXBuildFile; fileRef = 69192CCB2B274BD7004CBBC7 /* Assets.xcassets */; };
		69192CCF2B274BD7004CBBC7 /* Preview Assets.xcassets in Resources */ = {isa = PBXBuildFile; fileRef = 69192CCE2B274BD7004CBBC7 /* Preview Assets.xcassets */; };
		69192CE02B274D0F004CBBC7 /* LoginView.swift in Sources */ = {isa = PBXBuildFile; fileRef = 69192CDF2B274D0F004CBBC7 /* LoginView.swift */; };
		69192CE22B27502C004CBBC7 /* InputView.swift in Sources */ = {isa = PBXBuildFile; fileRef = 69192CE12B27502C004CBBC7 /* InputView.swift */; };
		69192CE42B275E05004CBBC7 /* RegistrationView.swift in Sources */ = {isa = PBXBuildFile; fileRef = 69192CE32B275E05004CBBC7 /* RegistrationView.swift */; };
/* End PBXBuildFile section */

/* Begin PBXFileReference section */
		69192CC42B274BD5004CBBC7 /* LoginDemo.app */ = {isa = PBXFileReference; explicitFileType = wrapper.application; includeInIndex = 0; path = LoginDemo.app; sourceTree = BUILT_PRODUCTS_DIR; };
		69192CC72B274BD5004CBBC7 /* LoginDemoApp.swift */ = {isa = PBXFileReference; lastKnownFileType = sourcecode.swift; path = LoginDemoApp.swift; sourceTree = "<group>"; };
		69192CC92B274BD5004CBBC7 /* ContentView.swift */ = {isa = PBXFileReference; lastKnownFileType = sourcecode.swift; path = ContentView.swift; sourceTree = "<group>"; };
		69192CCB2B274BD7004CBBC7 /* Assets.xcassets */ = {isa = PBXFileReference; lastKnownFileType = folder.assetcatalog; path = Assets.xcassets; sourceTree = "<group>"; };
		69192CCE2B274BD7004CBBC7 /* Preview Assets.xcassets */ = {isa = PBXFileReference; lastKnownFileType = folder.assetcatalog; path = "Preview Assets.xcassets"; sourceTree = "<group>"; };
		69192CDF2B274D0F004CBBC7 /* LoginView.swift */ = {isa = PBXFileReference; lastKnownFileType = sourcecode.swift; path = LoginView.swift; sourceTree = "<group>"; };
		69192CE12B27502C004CBBC7 /* InputView.swift */ = {isa = PBXFileReference; lastKnownFileType = sourcecode.swift; path = InputView.swift; sourceTree = "<group>"; };
		69192CE32B275E05004CBBC7 /* RegistrationView.swift */ = {isa = PBXFileReference; lastKnownFileType = sourcecode.swift; path = RegistrationView.swift; sourceTree = "<group>"; };
/* End PBXFileReference section */

/* Begin PBXFrameworksBuildPhase section */
		69192CC12B274BD5004CBBC7 /* Frameworks */ = {
			isa = PBXFrameworksBuildPhase;
			buildActionMask = 2147483647;
			files = (
			);
			runOnlyForDeploymentPostprocessing = 0;
		};
/* End PBXFrameworksBuildPhase section */

/* Begin PBXGroup section */
		69192CBB2B274BD5004CBBC7 = {
			isa = PBXGroup;
			children = (
				69192CC62B274BD5004CBBC7 /* LoginDemo */,
				69192CC52B274BD5004CBBC7 /* Products */,
			);
			sourceTree = "<group>";
		};
		69192CC52B274BD5004CBBC7 /* Products */ = {
			isa = PBXGroup;
			children = (
				69192CC42B274BD5004CBBC7 /* LoginDemo.app */,
			);
			name = Products;
			sourceTree = "<group>";
		};
		69192CC62B274BD5004CBBC7 /* LoginDemo */ = {
			isa = PBXGroup;
			children = (
				69192CD92B274C1E004CBBC7 /* App */,
				69192CD82B274C1B004CBBC7 /* Components */,
				69192CD72B274C18004CBBC7 /* Core */,
				69192CD62B274C15004CBBC7 /* Model */,
				69192CCB2B274BD7004CBBC7 /* Assets.xcassets */,
				69192CCD2B274BD7004CBBC7 /* Preview Content */,
			);
			path = LoginDemo;
			sourceTree = "<group>";
		};
		69192CCD2B274BD7004CBBC7 /* Preview Content */ = {
			isa = PBXGroup;
			children = (
				69192CCE2B274BD7004CBBC7 /* Preview Assets.xcassets */,
			);
			path = "Preview Content";
			sourceTree = "<group>";
		};
		69192CD62B274C15004CBBC7 /* Model */ = {
			isa = PBXGroup;
			children = (
			);
			path = Model;
			sourceTree = "<group>";
		};
		69192CD72B274C18004CBBC7 /* Core */ = {
			isa = PBXGroup;
			children = (
				69192CDB2B274C9D004CBBC7 /* Authentication */,
				69192CDC2B274CAA004CBBC7 /* Profile */,
				69192CDA2B274C86004CBBC7 /* Root */,
			);
			path = Core;
			sourceTree = "<group>";
		};
		69192CD82B274C1B004CBBC7 /* Components */ = {
			isa = PBXGroup;
			children = (
				69192CE12B27502C004CBBC7 /* InputView.swift */,
			);
			path = Components;
			sourceTree = "<group>";
		};
		69192CD92B274C1E004CBBC7 /* App */ = {
			isa = PBXGroup;
			children = (
				69192CC72B274BD5004CBBC7 /* LoginDemoApp.swift */,
			);
			path = App;
			sourceTree = "<group>";
		};
		69192CDA2B274C86004CBBC7 /* Root */ = {
			isa = PBXGroup;
			children = (
				69192CC92B274BD5004CBBC7 /* ContentView.swift */,
			);
			path = Root;
			sourceTree = "<group>";
		};
		69192CDB2B274C9D004CBBC7 /* Authentication */ = {
			isa = PBXGroup;
			children = (
				69192CDF2B274D0F004CBBC7 /* LoginView.swift */,
				69192CE32B275E05004CBBC7 /* RegistrationView.swift */,
			);
			path = Authentication;
			sourceTree = "<group>";
		};
		69192CDC2B274CAA004CBBC7 /* Profile */ = {
			isa = PBXGroup;
			children = (
			);
			path = Profile;
			sourceTree = "<group>";
		};
/* End PBXGroup section */

/* Begin PBXNativeTarget section */
		69192CC32B274BD5004CBBC7 /* LoginDemo */ = {
			isa = PBXNativeTarget;
			buildConfigurationList = 69192CD22B274BD7004CBBC7 /* Build configuration list for PBXNativeTarget "LoginDemo" */;
			buildPhases = (
				69192CC02B274BD5004CBBC7 /* Sources */,
				69192CC12B274BD5004CBBC7 /* Frameworks */,
				69192CC22B274BD5004CBBC7 /* Resources */,
			);
			buildRules = (
			);
			dependencies = (
			);
			name = LoginDemo;
			productName = LoginDemo;
			productReference = 69192CC42B274BD5004CBBC7 /* LoginDemo.app */;
			productType = "com.apple.product-type.application";
		};
/* End PBXNativeTarget section */

/* Begin PBXProject section */
		69192CBC2B274BD5004CBBC7 /* Project object */ = {
			isa = PBXProject;
			attributes = {
				BuildIndependentTargetsInParallel = 1;
				LastSwiftUpdateCheck = 1500;
				LastUpgradeCheck = 1500;
				TargetAttributes = {
					69192CC32B274BD5004CBBC7 = {
						CreatedOnToolsVersion = 15.0.1;
					};
				};
			};
			buildConfigurationList = 69192CBF2B274BD5004CBBC7 /* Build configuration list for PBXProject "LoginDemo" */;
			compatibilityVersion = "Xcode 14.0";
			developmentRegion = en;
			hasScannedForEncodings = 0;
			knownRegions = (
				en,
				Base,
			);
			mainGroup = 69192CBB2B274BD5004CBBC7;
			productRefGroup = 69192CC52B274BD5004CBBC7 /* Products */;
			projectDirPath = "";
			projectRoot = "";
			targets = (
				69192CC32B274BD5004CBBC7 /* LoginDemo */,
			);
		};
/* End PBXProject section */

/* Begin PBXResourcesBuildPhase section */
		69192CC22B274BD5004CBBC7 /* Resources */ = {
			isa = PBXResourcesBuildPhase;
			buildActionMask = 2147483647;
			files = (
				69192CCF2B274BD7004CBBC7 /* Preview Assets.xcassets in Resources */,
				69192CCC2B274BD7004CBBC7 /* Assets.xcassets in Resources */,
			);
			runOnlyForDeploymentPostprocessing = 0;
		};
/* End PBXResourcesBuildPhase section */

/* Begin PBXSourcesBuildPhase section */
		69192CC02B274BD5004CBBC7 /* Sources */ = {
			isa = PBXSourcesBuildPhase;
			buildActionMask = 2147483647;
			files = (
				69192CCA2B274BD5004CBBC7 /* ContentView.swift in Sources */,
				69192CE22B27502C004CBBC7 /* InputView.swift in Sources */,
				69192CE02B274D0F004CBBC7 /* LoginView.swift in Sources */,
				69192CC82B274BD5004CBBC7 /* LoginDemoApp.swift in Sources */,
				69192CE42B275E05004CBBC7 /* RegistrationView.swift in Sources */,
			);
			runOnlyForDeploymentPostprocessing = 0;
		};
/* End PBXSourcesBuildPhase section */

/* Begin XCBuildConfiguration section */
		69192CD02B274BD7004CBBC7 /* Debug */ = {
			isa = XCBuildConfiguration;
			buildSettings = {
				ALWAYS_SEARCH_USER_PATHS = NO;
				ASSETCATALOG_COMPILER_GENERATE_SWIFT_ASSET_SYMBOL_EXTENSIONS = YES;
				CLANG_ANALYZER_NONNULL = YES;
				CLANG_ANALYZER_NUMBER_OBJECT_CONVERSION = YES_AGGRESSIVE;
				CLANG_CXX_LANGUAGE_STANDARD = "gnu++20";
				CLANG_ENABLE_MODULES = YES;
				CLANG_ENABLE_OBJC_ARC = YES;
				CLANG_ENABLE_OBJC_WEAK = YES;
				CLANG_WARN_BLOCK_CAPTURE_AUTORELEASING = YES;
				CLANG_WARN_BOOL_CONVERSION = YES;
				CLANG_WARN_COMMA = YES;
				CLANG_WARN_CONSTANT_CONVERSION = YES;
				CLANG_WARN_DEPRECATED_OBJC_IMPLEMENTATIONS = YES;
				CLANG_WARN_DIRECT_OBJC_ISA_USAGE = YES_ERROR;
				CLANG_WARN_DOCUMENTATION_COMMENTS = YES;
				CLANG_WARN_EMPTY_BODY = YES;
				CLANG_WARN_ENUM_CONVERSION = YES;
				CLANG_WARN_INFINITE_RECURSION = YES;
				CLANG_WARN_INT_CONVERSION = YES;
				CLANG_WARN_NON_LITERAL_NULL_CONVERSION = YES;
				CLANG_WARN_OBJC_IMPLICIT_RETAIN_SELF = YES;
				CLANG_WARN_OBJC_LITERAL_CONVERSION = YES;
				CLANG_WARN_OBJC_ROOT_CLASS = YES_ERROR;
				CLANG_WARN_QUOTED_INCLUDE_IN_FRAMEWORK_HEADER = YES;
				CLANG_WARN_RANGE_LOOP_ANALYSIS = YES;
				CLANG_WARN_STRICT_PROTOTYPES = YES;
				CLANG_WARN_SUSPICIOUS_MOVE = YES;
				CLANG_WARN_UNGUARDED_AVAILABILITY = YES_AGGRESSIVE;
				CLANG_WARN_UNREACHABLE_CODE = YES;
				CLANG_WARN__DUPLICATE_METHOD_MATCH = YES;
				COPY_PHASE_STRIP = NO;
				DEBUG_INFORMATION_FORMAT = dwarf;
				ENABLE_STRICT_OBJC_MSGSEND = YES;
				ENABLE_TESTABILITY = YES;
				ENABLE_USER_SCRIPT_SANDBOXING = YES;
				GCC_C_LANGUAGE_STANDARD = gnu17;
				GCC_DYNAMIC_NO_PIC = NO;
				GCC_NO_COMMON_BLOCKS = YES;
				GCC_OPTIMIZATION_LEVEL = 0;
				GCC_PREPROCESSOR_DEFINITIONS = (
					"DEBUG=1",
					"$(inherited)",
				);
				GCC_WARN_64_TO_32_BIT_CONVERSION = YES;
				GCC_WARN_ABOUT_RETURN_TYPE = YES_ERROR;
				GCC_WARN_UNDECLARED_SELECTOR = YES;
				GCC_WARN_UNINITIALIZED_AUTOS = YES_AGGRESSIVE;
				GCC_WARN_UNUSED_FUNCTION = YES;
				GCC_WARN_UNUSED_VARIABLE = YES;
				IPHONEOS_DEPLOYMENT_TARGET = 17.0;
				LOCALIZATION_PREFERS_STRING_CATALOGS = YES;
				MTL_ENABLE_DEBUG_INFO = INCLUDE_SOURCE;
				MTL_FAST_MATH = YES;
				ONLY_ACTIVE_ARCH = YES;
				SDKROOT = iphoneos;
				SWIFT_ACTIVE_COMPILATION_CONDITIONS = "DEBUG $(inherited)";
				SWIFT_OPTIMIZATION_LEVEL = "-Onone";
			};
			name = Debug;
		};
		69192CD12B274BD7004CBBC7 /* Release */ = {
			isa = XCBuildConfiguration;
			buildSettings = {
				ALWAYS_SEARCH_USER_PATHS = NO;
				ASSETCATALOG_COMPILER_GENERATE_SWIFT_ASSET_SYMBOL_EXTENSIONS = YES;
				CLANG_ANALYZER_NONNULL = YES;
				CLANG_ANALYZER_NUMBER_OBJECT_CONVERSION = YES_AGGRESSIVE;
				CLANG_CXX_LANGUAGE_STANDARD = "gnu++20";
				CLANG_ENABLE_MODULES = YES;
				CLANG_ENABLE_OBJC_ARC = YES;
				CLANG_ENABLE_OBJC_WEAK = YES;
				CLANG_WARN_BLOCK_CAPTURE_AUTORELEASING = YES;
				CLANG_WARN_BOOL_CONVERSION = YES;
				CLANG_WARN_COMMA = YES;
				CLANG_WARN_CONSTANT_CONVERSION = YES;
				CLANG_WARN_DEPRECATED_OBJC_IMPLEMENTATIONS = YES;
				CLANG_WARN_DIRECT_OBJC_ISA_USAGE = YES_ERROR;
				CLANG_WARN_DOCUMENTATION_COMMENTS = YES;
				CLANG_WARN_EMPTY_BODY = YES;
				CLANG_WARN_ENUM_CONVERSION = YES;
				CLANG_WARN_INFINITE_RECURSION = YES;
				CLANG_WARN_INT_CONVERSION = YES;
				CLANG_WARN_NON_LITERAL_NULL_CONVERSION = YES;
				CLANG_WARN_OBJC_IMPLICIT_RETAIN_SELF = YES;
				CLANG_WARN_OBJC_LITERAL_CONVERSION = YES;
				CLANG_WARN_OBJC_ROOT_CLASS = YES_ERROR;
				CLANG_WARN_QUOTED_INCLUDE_IN_FRAMEWORK_HEADER = YES;
				CLANG_WARN_RANGE_LOOP_ANALYSIS = YES;
				CLANG_WARN_STRICT_PROTOTYPES = YES;
				CLANG_WARN_SUSPICIOUS_MOVE = YES;
				CLANG_WARN_UNGUARDED_AVAILABILITY = YES_AGGRESSIVE;
				CLANG_WARN_UNREACHABLE_CODE = YES;
				CLANG_WARN__DUPLICATE_METHOD_MATCH = YES;
				COPY_PHASE_STRIP = NO;
				DEBUG_INFORMATION_FORMAT = "dwarf-with-dsym";
				ENABLE_NS_ASSERTIONS = NO;
				ENABLE_STRICT_OBJC_MSGSEND = YES;
				ENABLE_USER_SCRIPT_SANDBOXING = YES;
				GCC_C_LANGUAGE_STANDARD = gnu17;
				GCC_NO_COMMON_BLOCKS = YES;
				GCC_WARN_64_TO_32_BIT_CONVERSION = YES;
				GCC_WARN_ABOUT_RETURN_TYPE = YES_ERROR;
				GCC_WARN_UNDECLARED_SELECTOR = YES;
				GCC_WARN_UNINITIALIZED_AUTOS = YES_AGGRESSIVE;
				GCC_WARN_UNUSED_FUNCTION = YES;
				GCC_WARN_UNUSED_VARIABLE = YES;
				IPHONEOS_DEPLOYMENT_TARGET = 17.0;
				LOCALIZATION_PREFERS_STRING_CATALOGS = YES;
				MTL_ENABLE_DEBUG_INFO = NO;
				MTL_FAST_MATH = YES;
				SDKROOT = iphoneos;
				SWIFT_COMPILATION_MODE = wholemodule;
				VALIDATE_PRODUCT = YES;
			};
			name = Release;
		};
		69192CD32B274BD7004CBBC7 /* Debug */ = {
			isa = XCBuildConfiguration;
			buildSettings = {
				ASSETCATALOG_COMPILER_APPICON_NAME = AppIcon;
				ASSETCATALOG_COMPILER_GLOBAL_ACCENT_COLOR_NAME = AccentColor;
				CODE_SIGN_STYLE = Automatic;
				CURRENT_PROJECT_VERSION = 1;
				DEVELOPMENT_ASSET_PATHS = "\"LoginDemo/Preview Content\"";
				DEVELOPMENT_TEAM = 77J93DL2S4;
				ENABLE_PREVIEWS = YES;
				GENERATE_INFOPLIST_FILE = YES;
				INFOPLIST_KEY_UIApplicationSceneManifest_Generation = YES;
				INFOPLIST_KEY_UIApplicationSupportsIndirectInputEvents = YES;
				INFOPLIST_KEY_UILaunchScreen_Generation = YES;
				INFOPLIST_KEY_UISupportedInterfaceOrientations_iPad = "UIInterfaceOrientationPortrait UIInterfaceOrientationPortraitUpsideDown UIInterfaceOrientationLandscapeLeft UIInterfaceOrientationLandscapeRight";
				INFOPLIST_KEY_UISupportedInterfaceOrientations_iPhone = "UIInterfaceOrientationPortrait UIInterfaceOrientationLandscapeLeft UIInterfaceOrientationLandscapeRight";
				LD_RUNPATH_SEARCH_PATHS = (
					"$(inherited)",
					"@executable_path/Frameworks",
				);
				MARKETING_VERSION = 1.0;
				PRODUCT_BUNDLE_IDENTIFIER = com.tsmilgius.LoginDemo;
				PRODUCT_NAME = "$(TARGET_NAME)";
				SWIFT_EMIT_LOC_STRINGS = YES;
				SWIFT_VERSION = 5.0;
				TARGETED_DEVICE_FAMILY = "1,2";
			};
			name = Debug;
		};
		69192CD42B274BD7004CBBC7 /* Release */ = {
			isa = XCBuildConfiguration;
			buildSettings = {
				ASSETCATALOG_COMPILER_APPICON_NAME = AppIcon;
				ASSETCATALOG_COMPILER_GLOBAL_ACCENT_COLOR_NAME = AccentColor;
				CODE_SIGN_STYLE = Automatic;
				CURRENT_PROJECT_VERSION = 1;
				DEVELOPMENT_ASSET_PATHS = "\"LoginDemo/Preview Content\"";
				DEVELOPMENT_TEAM = 77J93DL2S4;
				ENABLE_PREVIEWS = YES;
				GENERATE_INFOPLIST_FILE = YES;
				INFOPLIST_KEY_UIApplicationSceneManifest_Generation = YES;
				INFOPLIST_KEY_UIApplicationSupportsIndirectInputEvents = YES;
				INFOPLIST_KEY_UILaunchScreen_Generation = YES;
				INFOPLIST_KEY_UISupportedInterfaceOrientations_iPad = "UIInterfaceOrientationPortrait UIInterfaceOrientationPortraitUpsideDown UIInterfaceOrientationLandscapeLeft UIInterfaceOrientationLandscapeRight";
				INFOPLIST_KEY_UISupportedInterfaceOrientations_iPhone = "UIInterfaceOrientationPortrait UIInterfaceOrientationLandscapeLeft UIInterfaceOrientationLandscapeRight";
				LD_RUNPATH_SEARCH_PATHS = (
					"$(inherited)",
					"@executable_path/Frameworks",
				);
				MARKETING_VERSION = 1.0;
				PRODUCT_BUNDLE_IDENTIFIER = com.tsmilgius.LoginDemo;
				PRODUCT_NAME = "$(TARGET_NAME)";
				SWIFT_EMIT_LOC_STRINGS = YES;
				SWIFT_VERSION = 5.0;
				TARGETED_DEVICE_FAMILY = "1,2";
			};
			name = Release;
		};
/* End XCBuildConfiguration section */

/* Begin XCConfigurationList section */
		69192CBF2B274BD5004CBBC7 /* Build configuration list for PBXProject "LoginDemo" */ = {
			isa = XCConfigurationList;
			buildConfigurations = (
				69192CD02B274BD7004CBBC7 /* Debug */,
				69192CD12B274BD7004CBBC7 /* Release */,
			);
			defaultConfigurationIsVisible = 0;
			defaultConfigurationName = Release;
		};
		69192CD22B274BD7004CBBC7 /* Build configuration list for PBXNativeTarget "LoginDemo" */ = {
			isa = XCConfigurationList;
			buildConfigurations = (
				69192CD32B274BD7004CBBC7 /* Debug */,
				69192CD42B274BD7004CBBC7 /* Release */,
			);
			defaultConfigurationIsVisible = 0;
			defaultConfigurationName = Release;
		};
/* End XCConfigurationList section */
	};
	rootObject = 69192CBC2B274BD5004CBBC7 /* Project object */;
}
